// !$*UTF8*$!
{
	archiveVersion = 1;
	classes = {
	};
	objectVersion = 77;
	objects = {

/* Begin PBXContainerItemProxy section */
		90930BBC2D494CC500CCC41B /* PBXContainerItemProxy */ = {
			isa = PBXContainerItemProxy;
			containerPortal = 90930BA32D494CC300CCC41B /* Project object */;
			proxyType = 1;
			remoteGlobalIDString = 90930BAA2D494CC300CCC41B;
			remoteInfo = GrandmaPoints;
		};
		90930BC62D494CC500CCC41B /* PBXContainerItemProxy */ = {
			isa = PBXContainerItemProxy;
			containerPortal = 90930BA32D494CC300CCC41B /* Project object */;
			proxyType = 1;
			remoteGlobalIDString = 90930BAA2D494CC300CCC41B;
			remoteInfo = GrandmaPoints;
		};
/* End PBXContainerItemProxy section */

/* Begin PBXFileReference section */
		90930BAB2D494CC300CCC41B /* GrandmaPoints.app */ = {isa = PBXFileReference; explicitFileType = wrapper.application; includeInIndex = 0; path = GrandmaPoints.app; sourceTree = BUILT_PRODUCTS_DIR; };
		90930BBB2D494CC500CCC41B /* GrandmaPointsTests.xctest */ = {isa = PBXFileReference; explicitFileType = wrapper.cfbundle; includeInIndex = 0; path = GrandmaPointsTests.xctest; sourceTree = BUILT_PRODUCTS_DIR; };
		90930BC52D494CC500CCC41B /* GrandmaPointsUITests.xctest */ = {isa = PBXFileReference; explicitFileType = wrapper.cfbundle; includeInIndex = 0; path = GrandmaPointsUITests.xctest; sourceTree = BUILT_PRODUCTS_DIR; };
/* End PBXFileReference section */

/* Begin PBXFileSystemSynchronizedRootGroup section */
		90930BAD2D494CC300CCC41B /* GrandmaPoints */ = {
			isa = PBXFileSystemSynchronizedRootGroup;
			path = GrandmaPoints;
			sourceTree = "<group>";
		};
		90930BBE2D494CC500CCC41B /* GrandmaPointsTests */ = {
			isa = PBXFileSystemSynchronizedRootGroup;
			path = GrandmaPointsTests;
			sourceTree = "<group>";
		};
		90930BC82D494CC500CCC41B /* GrandmaPointsUITests */ = {
			isa = PBXFileSystemSynchronizedRootGroup;
			path = GrandmaPointsUITests;
			sourceTree = "<group>";
		};
/* End PBXFileSystemSynchronizedRootGroup section */

/* Begin PBXFrameworksBuildPhase section */
		90930BA82D494CC300CCC41B /* Frameworks */ = {
			isa = PBXFrameworksBuildPhase;
			buildActionMask = 2147483647;
			files = (
			);
			runOnlyForDeploymentPostprocessing = 0;
		};
		90930BB82D494CC500CCC41B /* Frameworks */ = {
			isa = PBXFrameworksBuildPhase;
			buildActionMask = 2147483647;
			files = (
			);
			runOnlyForDeploymentPostprocessing = 0;
		};
		90930BC22D494CC500CCC41B /* Frameworks */ = {
			isa = PBXFrameworksBuildPhase;
			buildActionMask = 2147483647;
			files = (
			);
			runOnlyForDeploymentPostprocessing = 0;
		};
/* End PBXFrameworksBuildPhase section */

/* Begin PBXGroup section */
		90930BA22D494CC300CCC41B = {
			isa = PBXGroup;
			children = (
				90930BAD2D494CC300CCC41B /* GrandmaPoints */,
				90930BBE2D494CC500CCC41B /* GrandmaPointsTests */,
				90930BC82D494CC500CCC41B /* GrandmaPointsUITests */,
				90930BAC2D494CC300CCC41B /* Products */,
			);
			sourceTree = "<group>";
		};
		90930BAC2D494CC300CCC41B /* Products */ = {
			isa = PBXGroup;
			children = (
				90930BAB2D494CC300CCC41B /* GrandmaPoints.app */,
				90930BBB2D494CC500CCC41B /* GrandmaPointsTests.xctest */,
				90930BC52D494CC500CCC41B /* GrandmaPointsUITests.xctest */,
			);
			name = Products;
			sourceTree = "<group>";
		};
/* End PBXGroup section */

/* Begin PBXNativeTarget section */
		90930BAA2D494CC300CCC41B /* GrandmaPoints */ = {
			isa = PBXNativeTarget;
			buildConfigurationList = 90930BCF2D494CC500CCC41B /* Build configuration list for PBXNativeTarget "GrandmaPoints" */;
			buildPhases = (
				90930BA72D494CC300CCC41B /* Sources */,
				90930BA82D494CC300CCC41B /* Frameworks */,
				90930BA92D494CC300CCC41B /* Resources */,
			);
			buildRules = (
			);
			dependencies = (
			);
			fileSystemSynchronizedGroups = (
				90930BAD2D494CC300CCC41B /* GrandmaPoints */,
			);
			name = GrandmaPoints;
			packageProductDependencies = (
			);
			productName = GrandmaPoints;
			productReference = 90930BAB2D494CC300CCC41B /* GrandmaPoints.app */;
			productType = "com.apple.product-type.application";
		};
		90930BBA2D494CC500CCC41B /* GrandmaPointsTests */ = {
			isa = PBXNativeTarget;
			buildConfigurationList = 90930BD22D494CC500CCC41B /* Build configuration list for PBXNativeTarget "GrandmaPointsTests" */;
			buildPhases = (
				90930BB72D494CC500CCC41B /* Sources */,
				90930BB82D494CC500CCC41B /* Frameworks */,
				90930BB92D494CC500CCC41B /* Resources */,
			);
			buildRules = (
			);
			dependencies = (
				90930BBD2D494CC500CCC41B /* PBXTargetDependency */,
			);
			fileSystemSynchronizedGroups = (
				90930BBE2D494CC500CCC41B /* GrandmaPointsTests */,
			);
			name = GrandmaPointsTests;
			packageProductDependencies = (
			);
			productName = GrandmaPointsTests;
			productReference = 90930BBB2D494CC500CCC41B /* GrandmaPointsTests.xctest */;
			productType = "com.apple.product-type.bundle.unit-test";
		};
		90930BC42D494CC500CCC41B /* GrandmaPointsUITests */ = {
			isa = PBXNativeTarget;
			buildConfigurationList = 90930BD52D494CC500CCC41B /* Build configuration list for PBXNativeTarget "GrandmaPointsUITests" */;
			buildPhases = (
				90930BC12D494CC500CCC41B /* Sources */,
				90930BC22D494CC500CCC41B /* Frameworks */,
				90930BC32D494CC500CCC41B /* Resources */,
			);
			buildRules = (
			);
			dependencies = (
				90930BC72D494CC500CCC41B /* PBXTargetDependency */,
			);
			fileSystemSynchronizedGroups = (
				90930BC82D494CC500CCC41B /* GrandmaPointsUITests */,
			);
			name = GrandmaPointsUITests;
			packageProductDependencies = (
			);
			productName = GrandmaPointsUITests;
			productReference = 90930BC52D494CC500CCC41B /* GrandmaPointsUITests.xctest */;
			productType = "com.apple.product-type.bundle.ui-testing";
		};
/* End PBXNativeTarget section */

/* Begin PBXProject section */
		90930BA32D494CC300CCC41B /* Project object */ = {
			isa = PBXProject;
			attributes = {
				BuildIndependentTargetsInParallel = 1;
				LastSwiftUpdateCheck = 1620;
				LastUpgradeCheck = 1620;
				TargetAttributes = {
					90930BAA2D494CC300CCC41B = {
						CreatedOnToolsVersion = 16.2;
					};
					90930BBA2D494CC500CCC41B = {
						CreatedOnToolsVersion = 16.2;
						TestTargetID = 90930BAA2D494CC300CCC41B;
					};
					90930BC42D494CC500CCC41B = {
						CreatedOnToolsVersion = 16.2;
						TestTargetID = 90930BAA2D494CC300CCC41B;
					};
				};
			};
			buildConfigurationList = 90930BA62D494CC300CCC41B /* Build configuration list for PBXProject "GrandmaPoints" */;
			developmentRegion = en;
			hasScannedForEncodings = 0;
			knownRegions = (
				en,
				Base,
			);
			mainGroup = 90930BA22D494CC300CCC41B;
			minimizedProjectReferenceProxies = 1;
			preferredProjectObjectVersion = 77;
			productRefGroup = 90930BAC2D494CC300CCC41B /* Products */;
			projectDirPath = "";
			projectRoot = "";
			targets = (
				90930BAA2D494CC300CCC41B /* GrandmaPoints */,
				90930BBA2D494CC500CCC41B /* GrandmaPointsTests */,
				90930BC42D494CC500CCC41B /* GrandmaPointsUITests */,
			);
		};
/* End PBXProject section */

/* Begin PBXResourcesBuildPhase section */
		90930BA92D494CC300CCC41B /* Resources */ = {
			isa = PBXResourcesBuildPhase;
			buildActionMask = 2147483647;
			files = (
			);
			runOnlyForDeploymentPostprocessing = 0;
		};
		90930BB92D494CC500CCC41B /* Resources */ = {
			isa = PBXResourcesBuildPhase;
			buildActionMask = 2147483647;
			files = (
			);
			runOnlyForDeploymentPostprocessing = 0;
		};
		90930BC32D494CC500CCC41B /* Resources */ = {
			isa = PBXResourcesBuildPhase;
			buildActionMask = 2147483647;
			files = (
			);
			runOnlyForDeploymentPostprocessing = 0;
		};
/* End PBXResourcesBuildPhase section */

/* Begin PBXSourcesBuildPhase section */
		90930BA72D494CC300CCC41B /* Sources */ = {
			isa = PBXSourcesBuildPhase;
			buildActionMask = 2147483647;
			files = (
			);
			runOnlyForDeploymentPostprocessing = 0;
		};
		90930BB72D494CC500CCC41B /* Sources */ = {
			isa = PBXSourcesBuildPhase;
			buildActionMask = 2147483647;
			files = (
			);
			runOnlyForDeploymentPostprocessing = 0;
		};
		90930BC12D494CC500CCC41B /* Sources */ = {
			isa = PBXSourcesBuildPhase;
			buildActionMask = 2147483647;
			files = (
			);
			runOnlyForDeploymentPostprocessing = 0;
		};
/* End PBXSourcesBuildPhase section */

/* Begin PBXTargetDependency section */
		90930BBD2D494CC500CCC41B /* PBXTargetDependency */ = {
			isa = PBXTargetDependency;
			target = 90930BAA2D494CC300CCC41B /* GrandmaPoints */;
			targetProxy = 90930BBC2D494CC500CCC41B /* PBXContainerItemProxy */;
		};
		90930BC72D494CC500CCC41B /* PBXTargetDependency */ = {
			isa = PBXTargetDependency;
			target = 90930BAA2D494CC300CCC41B /* GrandmaPoints */;
			targetProxy = 90930BC62D494CC500CCC41B /* PBXContainerItemProxy */;
		};
/* End PBXTargetDependency section */

/* Begin XCBuildConfiguration section */
		90930BCD2D494CC500CCC41B /* Debug */ = {
			isa = XCBuildConfiguration;
			buildSettings = {
				ALWAYS_SEARCH_USER_PATHS = NO;
				ASSETCATALOG_COMPILER_GENERATE_SWIFT_ASSET_SYMBOL_EXTENSIONS = YES;
				CLANG_ANALYZER_NONNULL = YES;
				CLANG_ANALYZER_NUMBER_OBJECT_CONVERSION = YES_AGGRESSIVE;
				CLANG_CXX_LANGUAGE_STANDARD = "gnu++20";
				CLANG_ENABLE_MODULES = YES;
				CLANG_ENABLE_OBJC_ARC = YES;
				CLANG_ENABLE_OBJC_WEAK = YES;
				CLANG_WARN_BLOCK_CAPTURE_AUTORELEASING = YES;
				CLANG_WARN_BOOL_CONVERSION = YES;
				CLANG_WARN_COMMA = YES;
				CLANG_WARN_CONSTANT_CONVERSION = YES;
				CLANG_WARN_DEPRECATED_OBJC_IMPLEMENTATIONS = YES;
				CLANG_WARN_DIRECT_OBJC_ISA_USAGE = YES_ERROR;
				CLANG_WARN_DOCUMENTATION_COMMENTS = YES;
				CLANG_WARN_EMPTY_BODY = YES;
				CLANG_WARN_ENUM_CONVERSION = YES;
				CLANG_WARN_INFINITE_RECURSION = YES;
				CLANG_WARN_INT_CONVERSION = YES;
				CLANG_WARN_NON_LITERAL_NULL_CONVERSION = YES;
				CLANG_WARN_OBJC_IMPLICIT_RETAIN_SELF = YES;
				CLANG_WARN_OBJC_LITERAL_CONVERSION = YES;
				CLANG_WARN_OBJC_ROOT_CLASS = YES_ERROR;
				CLANG_WARN_QUOTED_INCLUDE_IN_FRAMEWORK_HEADER = YES;
				CLANG_WARN_RANGE_LOOP_ANALYSIS = YES;
				CLANG_WARN_STRICT_PROTOTYPES = YES;
				CLANG_WARN_SUSPICIOUS_MOVE = YES;
				CLANG_WARN_UNGUARDED_AVAILABILITY = YES_AGGRESSIVE;
				CLANG_WARN_UNREACHABLE_CODE = YES;
				CLANG_WARN__DUPLICATE_METHOD_MATCH = YES;
				COPY_PHASE_STRIP = NO;
				DEBUG_INFORMATION_FORMAT = dwarf;
				ENABLE_STRICT_OBJC_MSGSEND = YES;
				ENABLE_TESTABILITY = YES;
				ENABLE_USER_SCRIPT_SANDBOXING = YES;
				GCC_C_LANGUAGE_STANDARD = gnu17;
				GCC_DYNAMIC_NO_PIC = NO;
				GCC_NO_COMMON_BLOCKS = YES;
				GCC_OPTIMIZATION_LEVEL = 0;
				GCC_PREPROCESSOR_DEFINITIONS = (
					"DEBUG=1",
					"$(inherited)",
				);
				GCC_WARN_64_TO_32_BIT_CONVERSION = YES;
				GCC_WARN_ABOUT_RETURN_TYPE = YES_ERROR;
				GCC_WARN_UNDECLARED_SELECTOR = YES;
				GCC_WARN_UNINITIALIZED_AUTOS = YES_AGGRESSIVE;
				GCC_WARN_UNUSED_FUNCTION = YES;
				GCC_WARN_UNUSED_VARIABLE = YES;
				IPHONEOS_DEPLOYMENT_TARGET = 18.2;
				LOCALIZATION_PREFERS_STRING_CATALOGS = YES;
				MTL_ENABLE_DEBUG_INFO = INCLUDE_SOURCE;
				MTL_FAST_MATH = YES;
				ONLY_ACTIVE_ARCH = YES;
				SDKROOT = iphoneos;
				SWIFT_ACTIVE_COMPILATION_CONDITIONS = "DEBUG $(inherited)";
				SWIFT_OPTIMIZATION_LEVEL = "-Onone";
			};
			name = Debug;
		};
		90930BCE2D494CC500CCC41B /* Release */ = {
			isa = XCBuildConfiguration;
			buildSettings = {
				ALWAYS_SEARCH_USER_PATHS = NO;
				ASSETCATALOG_COMPILER_GENERATE_SWIFT_ASSET_SYMBOL_EXTENSIONS = YES;
				CLANG_ANALYZER_NONNULL = YES;
				CLANG_ANALYZER_NUMBER_OBJECT_CONVERSION = YES_AGGRESSIVE;
				CLANG_CXX_LANGUAGE_STANDARD = "gnu++20";
				CLANG_ENABLE_MODULES = YES;
				CLANG_ENABLE_OBJC_ARC = YES;
				CLANG_ENABLE_OBJC_WEAK = YES;
				CLANG_WARN_BLOCK_CAPTURE_AUTORELEASING = YES;
				CLANG_WARN_BOOL_CONVERSION = YES;
				CLANG_WARN_COMMA = YES;
				CLANG_WARN_CONSTANT_CONVERSION = YES;
				CLANG_WARN_DEPRECATED_OBJC_IMPLEMENTATIONS = YES;
				CLANG_WARN_DIRECT_OBJC_ISA_USAGE = YES_ERROR;
				CLANG_WARN_DOCUMENTATION_COMMENTS = YES;
				CLANG_WARN_EMPTY_BODY = YES;
				CLANG_WARN_ENUM_CONVERSION = YES;
				CLANG_WARN_INFINITE_RECURSION = YES;
				CLANG_WARN_INT_CONVERSION = YES;
				CLANG_WARN_NON_LITERAL_NULL_CONVERSION = YES;
				CLANG_WARN_OBJC_IMPLICIT_RETAIN_SELF = YES;
				CLANG_WARN_OBJC_LITERAL_CONVERSION = YES;
				CLANG_WARN_OBJC_ROOT_CLASS = YES_ERROR;
				CLANG_WARN_QUOTED_INCLUDE_IN_FRAMEWORK_HEADER = YES;
				CLANG_WARN_RANGE_LOOP_ANALYSIS = YES;
				CLANG_WARN_STRICT_PROTOTYPES = YES;
				CLANG_WARN_SUSPICIOUS_MOVE = YES;
				CLANG_WARN_UNGUARDED_AVAILABILITY = YES_AGGRESSIVE;
				CLANG_WARN_UNREACHABLE_CODE = YES;
				CLANG_WARN__DUPLICATE_METHOD_MATCH = YES;
				COPY_PHASE_STRIP = NO;
				DEBUG_INFORMATION_FORMAT = "dwarf-with-dsym";
				ENABLE_NS_ASSERTIONS = NO;
				ENABLE_STRICT_OBJC_MSGSEND = YES;
				ENABLE_USER_SCRIPT_SANDBOXING = YES;
				GCC_C_LANGUAGE_STANDARD = gnu17;
				GCC_NO_COMMON_BLOCKS = YES;
				GCC_WARN_64_TO_32_BIT_CONVERSION = YES;
				GCC_WARN_ABOUT_RETURN_TYPE = YES_ERROR;
				GCC_WARN_UNDECLARED_SELECTOR = YES;
				GCC_WARN_UNINITIALIZED_AUTOS = YES_AGGRESSIVE;
				GCC_WARN_UNUSED_FUNCTION = YES;
				GCC_WARN_UNUSED_VARIABLE = YES;
				IPHONEOS_DEPLOYMENT_TARGET = 18.2;
				LOCALIZATION_PREFERS_STRING_CATALOGS = YES;
				MTL_ENABLE_DEBUG_INFO = NO;
				MTL_FAST_MATH = YES;
				SDKROOT = iphoneos;
				SWIFT_COMPILATION_MODE = wholemodule;
				VALIDATE_PRODUCT = YES;
			};
			name = Release;
		};
		90930BD02D494CC500CCC41B /* Debug */ = {
			isa = XCBuildConfiguration;
			buildSettings = {
				ASSETCATALOG_COMPILER_APPICON_NAME = AppIcon;
				ASSETCATALOG_COMPILER_GLOBAL_ACCENT_COLOR_NAME = AccentColor;
				CODE_SIGN_IDENTITY = "Apple Development";
				"CODE_SIGN_IDENTITY[sdk=iphoneos*]" = "iPhone Distribution";
				CODE_SIGN_STYLE = Manual;
				CURRENT_PROJECT_VERSION = 1;
				DEVELOPMENT_ASSET_PATHS = "\"GrandmaPoints/Preview Content\"";
				DEVELOPMENT_TEAM = "";
				"DEVELOPMENT_TEAM[sdk=iphoneos*]" = E8QARB2U57;
				ENABLE_PREVIEWS = YES;
				GENERATE_INFOPLIST_FILE = YES;
				INFOPLIST_KEY_UIApplicationSceneManifest_Generation = YES;
				INFOPLIST_KEY_UIApplicationSupportsIndirectInputEvents = YES;
				INFOPLIST_KEY_UILaunchScreen_Generation = YES;
				INFOPLIST_KEY_UISupportedInterfaceOrientations_iPad = "UIInterfaceOrientationPortrait UIInterfaceOrientationPortraitUpsideDown UIInterfaceOrientationLandscapeLeft UIInterfaceOrientationLandscapeRight";
				INFOPLIST_KEY_UISupportedInterfaceOrientations_iPhone = "UIInterfaceOrientationPortrait UIInterfaceOrientationLandscapeLeft UIInterfaceOrientationLandscapeRight";
				LD_RUNPATH_SEARCH_PATHS = (
					"$(inherited)",
					"@executable_path/Frameworks",
				);
				MARKETING_VERSION = 1.0;
				PRODUCT_BUNDLE_IDENTIFIER = com.fhnw.KidExpensesTracker;
				PRODUCT_NAME = "$(TARGET_NAME)";
				PROVISIONING_PROFILE_SPECIFIER = "";
				"PROVISIONING_PROFILE_SPECIFIER[sdk=iphoneos*]" = KidExpenseTrackerTerrance;
				SWIFT_EMIT_LOC_STRINGS = YES;
				SWIFT_VERSION = 5.0;
				TARGETED_DEVICE_FAMILY = "1,2";
			};
			name = Debug;
		};
		90930BD12D494CC500CCC41B /* Release */ = {
			isa = XCBuildConfiguration;
			buildSettings = {
				ASSETCATALOG_COMPILER_APPICON_NAME = AppIcon;
				ASSETCATALOG_COMPILER_GLOBAL_ACCENT_COLOR_NAME = AccentColor;
				CODE_SIGN_IDENTITY = "Apple Development";
				"CODE_SIGN_IDENTITY[sdk=iphoneos*]" = "iPhone Distribution";
				CODE_SIGN_STYLE = Manual;
				CURRENT_PROJECT_VERSION = 1;
				DEVELOPMENT_ASSET_PATHS = "\"GrandmaPoints/Preview Content\"";
				DEVELOPMENT_TEAM = "";
				"DEVELOPMENT_TEAM[sdk=iphoneos*]" = E8QARB2U57;
				ENABLE_PREVIEWS = YES;
				GENERATE_INFOPLIST_FILE = YES;
				INFOPLIST_KEY_UIApplicationSceneManifest_Generation = YES;
				INFOPLIST_KEY_UIApplicationSupportsIndirectInputEvents = YES;
				INFOPLIST_KEY_UILaunchScreen_Generation = YES;
				INFOPLIST_KEY_UISupportedInterfaceOrientations_iPad = "UIInterfaceOrientationPortrait UIInterfaceOrientationPortraitUpsideDown UIInterfaceOrientationLandscapeLeft UIInterfaceOrientationLandscapeRight";
				INFOPLIST_KEY_UISupportedInterfaceOrientations_iPhone = "UIInterfaceOrientationPortrait UIInterfaceOrientationLandscapeLeft UIInterfaceOrientationLandscapeRight";
				LD_RUNPATH_SEARCH_PATHS = (
					"$(inherited)",
					"@executable_path/Frameworks",
				);
				MARKETING_VERSION = 1.0;
				PRODUCT_BUNDLE_IDENTIFIER = com.fhnw.KidExpensesTracker;
				PRODUCT_NAME = "$(TARGET_NAME)";
				PROVISIONING_PROFILE_SPECIFIER = "";
				"PROVISIONING_PROFILE_SPECIFIER[sdk=iphoneos*]" = KidExpenseTrackerTerrance;
				SWIFT_EMIT_LOC_STRINGS = YES;
				SWIFT_VERSION = 5.0;
				TARGETED_DEVICE_FAMILY = "1,2";
			};
			name = Release;
		};
		90930BD32D494CC500CCC41B /* Debug */ = {
			isa = XCBuildConfiguration;
			buildSettings = {
				BUNDLE_LOADER = "$(TEST_HOST)";
				CODE_SIGN_STYLE = Automatic;
				CURRENT_PROJECT_VERSION = 1;
				DEVELOPMENT_TEAM = E8QARB2U57;
				GENERATE_INFOPLIST_FILE = YES;
				IPHONEOS_DEPLOYMENT_TARGET = 18.2;
				MARKETING_VERSION = 1.0;
				PRODUCT_BUNDLE_IDENTIFIER = com.fhnw.KidExpensesTracker;
				PRODUCT_NAME = "$(TARGET_NAME)";
				SWIFT_EMIT_LOC_STRINGS = NO;
				SWIFT_VERSION = 5.0;
				TARGETED_DEVICE_FAMILY = "1,2";
				TEST_HOST = "$(BUILT_PRODUCTS_DIR)/GrandmaPoints.app/$(BUNDLE_EXECUTABLE_FOLDER_PATH)/GrandmaPoints";
			};
			name = Debug;
		};
		90930BD42D494CC500CCC41B /* Release */ = {
			isa = XCBuildConfiguration;
			buildSettings = {
				BUNDLE_LOADER = "$(TEST_HOST)";
				CODE_SIGN_STYLE = Automatic;
				CURRENT_PROJECT_VERSION = 1;
				DEVELOPMENT_TEAM = E8QARB2U57;
				GENERATE_INFOPLIST_FILE = YES;
				IPHONEOS_DEPLOYMENT_TARGET = 18.2;
				MARKETING_VERSION = 1.0;
				PRODUCT_BUNDLE_IDENTIFIER = com.fhnw.KidExpensesTracker;
				PRODUCT_NAME = "$(TARGET_NAME)";
				SWIFT_EMIT_LOC_STRINGS = NO;
				SWIFT_VERSION = 5.0;
				TARGETED_DEVICE_FAMILY = "1,2";
				TEST_HOST = "$(BUILT_PRODUCTS_DIR)/GrandmaPoints.app/$(BUNDLE_EXECUTABLE_FOLDER_PATH)/GrandmaPoints";
			};
			name = Release;
		};
		90930BD62D494CC500CCC41B /* Debug */ = {
			isa = XCBuildConfiguration;
			buildSettings = {
				CODE_SIGN_STYLE = Automatic;
				CURRENT_PROJECT_VERSION = 1;
				DEVELOPMENT_TEAM = E8QARB2U57;
				GENERATE_INFOPLIST_FILE = YES;
				MARKETING_VERSION = 1.0;
				PRODUCT_BUNDLE_IDENTIFIER = com.fhnw.KidExpensesTracker;
				PRODUCT_NAME = "$(TARGET_NAME)";
				SWIFT_EMIT_LOC_STRINGS = NO;
				SWIFT_VERSION = 5.0;
				TARGETED_DEVICE_FAMILY = "1,2";
				TEST_TARGET_NAME = GrandmaPoints;
			};
			name = Debug;
		};
		90930BD72D494CC500CCC41B /* Release */ = {
			isa = XCBuildConfiguration;
			buildSettings = {
				CODE_SIGN_STYLE = Automatic;
				CURRENT_PROJECT_VERSION = 1;
				DEVELOPMENT_TEAM = E8QARB2U57;
				GENERATE_INFOPLIST_FILE = YES;
				MARKETING_VERSION = 1.0;
				PRODUCT_BUNDLE_IDENTIFIER = com.fhnw.KidExpensesTracker;
				PRODUCT_NAME = "$(TARGET_NAME)";
				SWIFT_EMIT_LOC_STRINGS = NO;
				SWIFT_VERSION = 5.0;
				TARGETED_DEVICE_FAMILY = "1,2";
				TEST_TARGET_NAME = GrandmaPoints;
			};
			name = Release;
		};
/* End XCBuildConfiguration section */

/* Begin XCConfigurationList section */
		90930BA62D494CC300CCC41B /* Build configuration list for PBXProject "GrandmaPoints" */ = {
			isa = XCConfigurationList;
			buildConfigurations = (
				90930BCD2D494CC500CCC41B /* Debug */,
				90930BCE2D494CC500CCC41B /* Release */,
			);
			defaultConfigurationIsVisible = 0;
			defaultConfigurationName = Release;
		};
		90930BCF2D494CC500CCC41B /* Build configuration list for PBXNativeTarget "GrandmaPoints" */ = {
			isa = XCConfigurationList;
			buildConfigurations = (
				90930BD02D494CC500CCC41B /* Debug */,
				90930BD12D494CC500CCC41B /* Release */,
			);
			defaultConfigurationIsVisible = 0;
			defaultConfigurationName = Release;
		};
		90930BD22D494CC500CCC41B /* Build configuration list for PBXNativeTarget "GrandmaPointsTests" */ = {
			isa = XCConfigurationList;
			buildConfigurations = (
				90930BD32D494CC500CCC41B /* Debug */,
				90930BD42D494CC500CCC41B /* Release */,
			);
			defaultConfigurationIsVisible = 0;
			defaultConfigurationName = Release;
		};
		90930BD52D494CC500CCC41B /* Build configuration list for PBXNativeTarget "GrandmaPointsUITests" */ = {
			isa = XCConfigurationList;
			buildConfigurations = (
				90930BD62D494CC500CCC41B /* Debug */,
				90930BD72D494CC500CCC41B /* Release */,
			);
			defaultConfigurationIsVisible = 0;
			defaultConfigurationName = Release;
		};
/* End XCConfigurationList section */
	};
	rootObject = 90930BA32D494CC300CCC41B /* Project object */;
}
